// !$*UTF8*$!
{
	archiveVersion = 1;
	classes = {
	};
	objectVersion = 56;
	objects = {

/* Begin PBXBuildFile section */
		18A694FA2BD6C24900996490 /* Product.swift in Sources */ = {isa = PBXBuildFile; fileRef = 18A694F92BD6C24900996490 /* Product.swift */; };
		18A694FD2BD6C43C00996490 /* ImageSlider.swift in Sources */ = {isa = PBXBuildFile; fileRef = 18A694FC2BD6C43C00996490 /* ImageSlider.swift */; };
		18A694FF2BD6C7C700996490 /* ProductCardView.swift in Sources */ = {isa = PBXBuildFile; fileRef = 18A694FE2BD6C7C700996490 /* ProductCardView.swift */; };
		18A695012BD6C90F00996490 /* CartManager.swift in Sources */ = {isa = PBXBuildFile; fileRef = 18A695002BD6C90F00996490 /* CartManager.swift */; };
		18A695032BD6CC3100996490 /* SearchBarView.swift in Sources */ = {isa = PBXBuildFile; fileRef = 18A695022BD6CC3100996490 /* SearchBarView.swift */; };
		18A695052BD6D05700996490 /* CartButton.swift in Sources */ = {isa = PBXBuildFile; fileRef = 18A695042BD6D05700996490 /* CartButton.swift */; };
		18A695082BD6D6EE00996490 /* HomePageView.swift in Sources */ = {isa = PBXBuildFile; fileRef = 18A695072BD6D6EE00996490 /* HomePageView.swift */; };
		18DB01272BD3A4D700BFDC0B /* IosEcommAppApp.swift in Sources */ = {isa = PBXBuildFile; fileRef = 18DB01262BD3A4D700BFDC0B /* IosEcommAppApp.swift */; };
		18DB01292BD3A4D700BFDC0B /* ContentView.swift in Sources */ = {isa = PBXBuildFile; fileRef = 18DB01282BD3A4D700BFDC0B /* ContentView.swift */; };
		18DB012B2BD3A4DA00BFDC0B /* Assets.xcassets in Resources */ = {isa = PBXBuildFile; fileRef = 18DB012A2BD3A4DA00BFDC0B /* Assets.xcassets */; };
		18DB012E2BD3A4DA00BFDC0B /* Preview Assets.xcassets in Resources */ = {isa = PBXBuildFile; fileRef = 18DB012D2BD3A4DA00BFDC0B /* Preview Assets.xcassets */; };
/* End PBXBuildFile section */

/* Begin PBXFileReference section */
		18A694F92BD6C24900996490 /* Product.swift */ = {isa = PBXFileReference; lastKnownFileType = sourcecode.swift; path = Product.swift; sourceTree = "<group>"; };
		18A694FC2BD6C43C00996490 /* ImageSlider.swift */ = {isa = PBXFileReference; lastKnownFileType = sourcecode.swift; path = ImageSlider.swift; sourceTree = "<group>"; };
		18A694FE2BD6C7C700996490 /* ProductCardView.swift */ = {isa = PBXFileReference; lastKnownFileType = sourcecode.swift; path = ProductCardView.swift; sourceTree = "<group>"; };
		18A695002BD6C90F00996490 /* CartManager.swift */ = {isa = PBXFileReference; lastKnownFileType = sourcecode.swift; path = CartManager.swift; sourceTree = "<group>"; };
		18A695022BD6CC3100996490 /* SearchBarView.swift */ = {isa = PBXFileReference; lastKnownFileType = sourcecode.swift; path = SearchBarView.swift; sourceTree = "<group>"; };
		18A695042BD6D05700996490 /* CartButton.swift */ = {isa = PBXFileReference; lastKnownFileType = sourcecode.swift; path = CartButton.swift; sourceTree = "<group>"; };
		18A695072BD6D6EE00996490 /* HomePageView.swift */ = {isa = PBXFileReference; lastKnownFileType = sourcecode.swift; path = HomePageView.swift; sourceTree = "<group>"; };
		18DB01232BD3A4D700BFDC0B /* IosEcommApp.app */ = {isa = PBXFileReference; explicitFileType = wrapper.application; includeInIndex = 0; path = IosEcommApp.app; sourceTree = BUILT_PRODUCTS_DIR; };
		18DB01262BD3A4D700BFDC0B /* IosEcommAppApp.swift */ = {isa = PBXFileReference; lastKnownFileType = sourcecode.swift; path = IosEcommAppApp.swift; sourceTree = "<group>"; };
		18DB01282BD3A4D700BFDC0B /* ContentView.swift */ = {isa = PBXFileReference; lastKnownFileType = sourcecode.swift; path = ContentView.swift; sourceTree = "<group>"; };
		18DB012A2BD3A4DA00BFDC0B /* Assets.xcassets */ = {isa = PBXFileReference; lastKnownFileType = folder.assetcatalog; path = Assets.xcassets; sourceTree = "<group>"; };
		18DB012D2BD3A4DA00BFDC0B /* Preview Assets.xcassets */ = {isa = PBXFileReference; lastKnownFileType = folder.assetcatalog; path = "Preview Assets.xcassets"; sourceTree = "<group>"; };
/* End PBXFileReference section */

/* Begin PBXFrameworksBuildPhase section */
		18DB01202BD3A4D700BFDC0B /* Frameworks */ = {
			isa = PBXFrameworksBuildPhase;
			buildActionMask = 2147483647;
			files = (
			);
			runOnlyForDeploymentPostprocessing = 0;
		};
/* End PBXFrameworksBuildPhase section */

/* Begin PBXGroup section */
		18A694F82BD6C22B00996490 /* Model */ = {
			isa = PBXGroup;
			children = (
				18A694F92BD6C24900996490 /* Product.swift */,
			);
			path = Model;
			sourceTree = "<group>";
		};
		18A694FB2BD6C42200996490 /* Componets */ = {
			isa = PBXGroup;
			children = (
				18A694FC2BD6C43C00996490 /* ImageSlider.swift */,
				18A694FE2BD6C7C700996490 /* ProductCardView.swift */,
				18A695022BD6CC3100996490 /* SearchBarView.swift */,
				18A695042BD6D05700996490 /* CartButton.swift */,
			);
			path = Componets;
			sourceTree = "<group>";
		};
		18A695062BD6D57400996490 /* Views */ = {
			isa = PBXGroup;
			children = (
				18DB01282BD3A4D700BFDC0B /* ContentView.swift */,
				18A695072BD6D6EE00996490 /* HomePageView.swift */,
			);
			path = Views;
			sourceTree = "<group>";
		};
		18DB011A2BD3A4D700BFDC0B = {
			isa = PBXGroup;
			children = (
				18DB01252BD3A4D700BFDC0B /* IosEcommApp */,
				18DB01242BD3A4D700BFDC0B /* Products */,
			);
			sourceTree = "<group>";
		};
		18DB01242BD3A4D700BFDC0B /* Products */ = {
			isa = PBXGroup;
			children = (
				18DB01232BD3A4D700BFDC0B /* IosEcommApp.app */,
			);
			name = Products;
			sourceTree = "<group>";
		};
		18DB01252BD3A4D700BFDC0B /* IosEcommApp */ = {
			isa = PBXGroup;
			children = (
				18A695062BD6D57400996490 /* Views */,
				18A694FB2BD6C42200996490 /* Componets */,
				18A694F82BD6C22B00996490 /* Model */,
				18DB01262BD3A4D700BFDC0B /* IosEcommAppApp.swift */,
				18DB012A2BD3A4DA00BFDC0B /* Assets.xcassets */,
				18DB012C2BD3A4DA00BFDC0B /* Preview Content */,
				18A695002BD6C90F00996490 /* CartManager.swift */,
			);
			path = IosEcommApp;
			sourceTree = "<group>";
		};
		18DB012C2BD3A4DA00BFDC0B /* Preview Content */ = {
			isa = PBXGroup;
			children = (
				18DB012D2BD3A4DA00BFDC0B /* Preview Assets.xcassets */,
			);
			path = "Preview Content";
			sourceTree = "<group>";
		};
/* End PBXGroup section */

/* Begin PBXNativeTarget section */
		18DB01222BD3A4D700BFDC0B /* IosEcommApp */ = {
			isa = PBXNativeTarget;
			buildConfigurationList = 18DB01312BD3A4DA00BFDC0B /* Build configuration list for PBXNativeTarget "IosEcommApp" */;
			buildPhases = (
				18DB011F2BD3A4D700BFDC0B /* Sources */,
				18DB01202BD3A4D700BFDC0B /* Frameworks */,
				18DB01212BD3A4D700BFDC0B /* Resources */,
			);
			buildRules = (
			);
			dependencies = (
			);
			name = IosEcommApp;
			productName = IosEcommApp;
			productReference = 18DB01232BD3A4D700BFDC0B /* IosEcommApp.app */;
			productType = "com.apple.product-type.application";
		};
/* End PBXNativeTarget section */

/* Begin PBXProject section */
		18DB011B2BD3A4D700BFDC0B /* Project object */ = {
			isa = PBXProject;
			attributes = {
				BuildIndependentTargetsInParallel = 1;
				LastSwiftUpdateCheck = 1530;
				LastUpgradeCheck = 1530;
				TargetAttributes = {
					18DB01222BD3A4D700BFDC0B = {
						CreatedOnToolsVersion = 15.3;
					};
				};
			};
			buildConfigurationList = 18DB011E2BD3A4D700BFDC0B /* Build configuration list for PBXProject "IosEcommApp" */;
			compatibilityVersion = "Xcode 14.0";
			developmentRegion = en;
			hasScannedForEncodings = 0;
			knownRegions = (
				en,
				Base,
			);
			mainGroup = 18DB011A2BD3A4D700BFDC0B;
			productRefGroup = 18DB01242BD3A4D700BFDC0B /* Products */;
			projectDirPath = "";
			projectRoot = "";
			targets = (
				18DB01222BD3A4D700BFDC0B /* IosEcommApp */,
			);
		};
/* End PBXProject section */

/* Begin PBXResourcesBuildPhase section */
		18DB01212BD3A4D700BFDC0B /* Resources */ = {
			isa = PBXResourcesBuildPhase;
			buildActionMask = 2147483647;
			files = (
				18DB012E2BD3A4DA00BFDC0B /* Preview Assets.xcassets in Resources */,
				18DB012B2BD3A4DA00BFDC0B /* Assets.xcassets in Resources */,
			);
			runOnlyForDeploymentPostprocessing = 0;
		};
/* End PBXResourcesBuildPhase section */

/* Begin PBXSourcesBuildPhase section */
		18DB011F2BD3A4D700BFDC0B /* Sources */ = {
			isa = PBXSourcesBuildPhase;
			buildActionMask = 2147483647;
			files = (
				18DB01292BD3A4D700BFDC0B /* ContentView.swift in Sources */,
				18A695052BD6D05700996490 /* CartButton.swift in Sources */,
				18A695012BD6C90F00996490 /* CartManager.swift in Sources */,
				18DB01272BD3A4D700BFDC0B /* IosEcommAppApp.swift in Sources */,
				18A695032BD6CC3100996490 /* SearchBarView.swift in Sources */,
				18A695082BD6D6EE00996490 /* HomePageView.swift in Sources */,
				18A694FD2BD6C43C00996490 /* ImageSlider.swift in Sources */,
				18A694FA2BD6C24900996490 /* Product.swift in Sources */,
				18A694FF2BD6C7C700996490 /* ProductCardView.swift in Sources */,
			);
			runOnlyForDeploymentPostprocessing = 0;
		};
/* End PBXSourcesBuildPhase section */

/* Begin XCBuildConfiguration section */
		18DB012F2BD3A4DA00BFDC0B /* Debug */ = {
			isa = XCBuildConfiguration;
			buildSettings = {
				ALWAYS_SEARCH_USER_PATHS = NO;
				ASSETCATALOG_COMPILER_GENERATE_SWIFT_ASSET_SYMBOL_EXTENSIONS = YES;
				CLANG_ANALYZER_NONNULL = YES;
				CLANG_ANALYZER_NUMBER_OBJECT_CONVERSION = YES_AGGRESSIVE;
				CLANG_CXX_LANGUAGE_STANDARD = "gnu++20";
				CLANG_ENABLE_MODULES = YES;
				CLANG_ENABLE_OBJC_ARC = YES;
				CLANG_ENABLE_OBJC_WEAK = YES;
				CLANG_WARN_BLOCK_CAPTURE_AUTORELEASING = YES;
				CLANG_WARN_BOOL_CONVERSION = YES;
				CLANG_WARN_COMMA = YES;
				CLANG_WARN_CONSTANT_CONVERSION = YES;
				CLANG_WARN_DEPRECATED_OBJC_IMPLEMENTATIONS = YES;
				CLANG_WARN_DIRECT_OBJC_ISA_USAGE = YES_ERROR;
				CLANG_WARN_DOCUMENTATION_COMMENTS = YES;
				CLANG_WARN_EMPTY_BODY = YES;
				CLANG_WARN_ENUM_CONVERSION = YES;
				CLANG_WARN_INFINITE_RECURSION = YES;
				CLANG_WARN_INT_CONVERSION = YES;
				CLANG_WARN_NON_LITERAL_NULL_CONVERSION = YES;
				CLANG_WARN_OBJC_IMPLICIT_RETAIN_SELF = YES;
				CLANG_WARN_OBJC_LITERAL_CONVERSION = YES;
				CLANG_WARN_OBJC_ROOT_CLASS = YES_ERROR;
				CLANG_WARN_QUOTED_INCLUDE_IN_FRAMEWORK_HEADER = YES;
				CLANG_WARN_RANGE_LOOP_ANALYSIS = YES;
				CLANG_WARN_STRICT_PROTOTYPES = YES;
				CLANG_WARN_SUSPICIOUS_MOVE = YES;
				CLANG_WARN_UNGUARDED_AVAILABILITY = YES_AGGRESSIVE;
				CLANG_WARN_UNREACHABLE_CODE = YES;
				CLANG_WARN__DUPLICATE_METHOD_MATCH = YES;
				COPY_PHASE_STRIP = NO;
				DEBUG_INFORMATION_FORMAT = dwarf;
				ENABLE_STRICT_OBJC_MSGSEND = YES;
				ENABLE_TESTABILITY = YES;
				ENABLE_USER_SCRIPT_SANDBOXING = YES;
				GCC_C_LANGUAGE_STANDARD = gnu17;
				GCC_DYNAMIC_NO_PIC = NO;
				GCC_NO_COMMON_BLOCKS = YES;
				GCC_OPTIMIZATION_LEVEL = 0;
				GCC_PREPROCESSOR_DEFINITIONS = (
					"DEBUG=1",
					"$(inherited)",
				);
				GCC_WARN_64_TO_32_BIT_CONVERSION = YES;
				GCC_WARN_ABOUT_RETURN_TYPE = YES_ERROR;
				GCC_WARN_UNDECLARED_SELECTOR = YES;
				GCC_WARN_UNINITIALIZED_AUTOS = YES_AGGRESSIVE;
				GCC_WARN_UNUSED_FUNCTION = YES;
				GCC_WARN_UNUSED_VARIABLE = YES;
				IPHONEOS_DEPLOYMENT_TARGET = 17.4;
				LOCALIZATION_PREFERS_STRING_CATALOGS = YES;
				MTL_ENABLE_DEBUG_INFO = INCLUDE_SOURCE;
				MTL_FAST_MATH = YES;
				ONLY_ACTIVE_ARCH = YES;
				SDKROOT = iphoneos;
				SWIFT_ACTIVE_COMPILATION_CONDITIONS = "DEBUG $(inherited)";
				SWIFT_OPTIMIZATION_LEVEL = "-Onone";
			};
			name = Debug;
		};
		18DB01302BD3A4DA00BFDC0B /* Release */ = {
			isa = XCBuildConfiguration;
			buildSettings = {
				ALWAYS_SEARCH_USER_PATHS = NO;
				ASSETCATALOG_COMPILER_GENERATE_SWIFT_ASSET_SYMBOL_EXTENSIONS = YES;
				CLANG_ANALYZER_NONNULL = YES;
				CLANG_ANALYZER_NUMBER_OBJECT_CONVERSION = YES_AGGRESSIVE;
				CLANG_CXX_LANGUAGE_STANDARD = "gnu++20";
				CLANG_ENABLE_MODULES = YES;
				CLANG_ENABLE_OBJC_ARC = YES;
				CLANG_ENABLE_OBJC_WEAK = YES;
				CLANG_WARN_BLOCK_CAPTURE_AUTORELEASING = YES;
				CLANG_WARN_BOOL_CONVERSION = YES;
				CLANG_WARN_COMMA = YES;
				CLANG_WARN_CONSTANT_CONVERSION = YES;
				CLANG_WARN_DEPRECATED_OBJC_IMPLEMENTATIONS = YES;
				CLANG_WARN_DIRECT_OBJC_ISA_USAGE = YES_ERROR;
				CLANG_WARN_DOCUMENTATION_COMMENTS = YES;
				CLANG_WARN_EMPTY_BODY = YES;
				CLANG_WARN_ENUM_CONVERSION = YES;
				CLANG_WARN_INFINITE_RECURSION = YES;
				CLANG_WARN_INT_CONVERSION = YES;
				CLANG_WARN_NON_LITERAL_NULL_CONVERSION = YES;
				CLANG_WARN_OBJC_IMPLICIT_RETAIN_SELF = YES;
				CLANG_WARN_OBJC_LITERAL_CONVERSION = YES;
				CLANG_WARN_OBJC_ROOT_CLASS = YES_ERROR;
				CLANG_WARN_QUOTED_INCLUDE_IN_FRAMEWORK_HEADER = YES;
				CLANG_WARN_RANGE_LOOP_ANALYSIS = YES;
				CLANG_WARN_STRICT_PROTOTYPES = YES;
				CLANG_WARN_SUSPICIOUS_MOVE = YES;
				CLANG_WARN_UNGUARDED_AVAILABILITY = YES_AGGRESSIVE;
				CLANG_WARN_UNREACHABLE_CODE = YES;
				CLANG_WARN__DUPLICATE_METHOD_MATCH = YES;
				COPY_PHASE_STRIP = NO;
				DEBUG_INFORMATION_FORMAT = "dwarf-with-dsym";
				ENABLE_NS_ASSERTIONS = NO;
				ENABLE_STRICT_OBJC_MSGSEND = YES;
				ENABLE_USER_SCRIPT_SANDBOXING = YES;
				GCC_C_LANGUAGE_STANDARD = gnu17;
				GCC_NO_COMMON_BLOCKS = YES;
				GCC_WARN_64_TO_32_BIT_CONVERSION = YES;
				GCC_WARN_ABOUT_RETURN_TYPE = YES_ERROR;
				GCC_WARN_UNDECLARED_SELECTOR = YES;
				GCC_WARN_UNINITIALIZED_AUTOS = YES_AGGRESSIVE;
				GCC_WARN_UNUSED_FUNCTION = YES;
				GCC_WARN_UNUSED_VARIABLE = YES;
				IPHONEOS_DEPLOYMENT_TARGET = 17.4;
				LOCALIZATION_PREFERS_STRING_CATALOGS = YES;
				MTL_ENABLE_DEBUG_INFO = NO;
				MTL_FAST_MATH = YES;
				SDKROOT = iphoneos;
				SWIFT_COMPILATION_MODE = wholemodule;
				VALIDATE_PRODUCT = YES;
			};
			name = Release;
		};
		18DB01322BD3A4DA00BFDC0B /* Debug */ = {
			isa = XCBuildConfiguration;
			buildSettings = {
				ASSETCATALOG_COMPILER_APPICON_NAME = AppIcon;
				ASSETCATALOG_COMPILER_GLOBAL_ACCENT_COLOR_NAME = AccentColor;
				CODE_SIGN_STYLE = Automatic;
				CURRENT_PROJECT_VERSION = 1;
				DEVELOPMENT_ASSET_PATHS = "\"IosEcommApp/Preview Content\"";
				DEVELOPMENT_TEAM = C7DKXQWN92;
				ENABLE_PREVIEWS = YES;
				GENERATE_INFOPLIST_FILE = YES;
				INFOPLIST_KEY_UIApplicationSceneManifest_Generation = YES;
				INFOPLIST_KEY_UIApplicationSupportsIndirectInputEvents = YES;
				INFOPLIST_KEY_UILaunchScreen_Generation = YES;
				INFOPLIST_KEY_UISupportedInterfaceOrientations_iPad = "UIInterfaceOrientationPortrait UIInterfaceOrientationPortraitUpsideDown UIInterfaceOrientationLandscapeLeft UIInterfaceOrientationLandscapeRight";
				INFOPLIST_KEY_UISupportedInterfaceOrientations_iPhone = "UIInterfaceOrientationPortrait UIInterfaceOrientationLandscapeLeft UIInterfaceOrientationLandscapeRight";
				LD_RUNPATH_SEARCH_PATHS = (
					"$(inherited)",
					"@executable_path/Frameworks",
				);
				MARKETING_VERSION = 1.0;
				PRODUCT_BUNDLE_IDENTIFIER = com.ayushmishravlogs.IosEcommApp;
				PRODUCT_NAME = "$(TARGET_NAME)";
				SWIFT_EMIT_LOC_STRINGS = YES;
				SWIFT_VERSION = 5.0;
				TARGETED_DEVICE_FAMILY = "1,2";
			};
			name = Debug;
		};
		18DB01332BD3A4DA00BFDC0B /* Release */ = {
			isa = XCBuildConfiguration;
			buildSettings = {
				ASSETCATALOG_COMPILER_APPICON_NAME = AppIcon;
				ASSETCATALOG_COMPILER_GLOBAL_ACCENT_COLOR_NAME = AccentColor;
				CODE_SIGN_STYLE = Automatic;
				CURRENT_PROJECT_VERSION = 1;
				DEVELOPMENT_ASSET_PATHS = "\"IosEcommApp/Preview Content\"";
				DEVELOPMENT_TEAM = C7DKXQWN92;
				ENABLE_PREVIEWS = YES;
				GENERATE_INFOPLIST_FILE = YES;
				INFOPLIST_KEY_UIApplicationSceneManifest_Generation = YES;
				INFOPLIST_KEY_UIApplicationSupportsIndirectInputEvents = YES;
				INFOPLIST_KEY_UILaunchScreen_Generation = YES;
				INFOPLIST_KEY_UISupportedInterfaceOrientations_iPad = "UIInterfaceOrientationPortrait UIInterfaceOrientationPortraitUpsideDown UIInterfaceOrientationLandscapeLeft UIInterfaceOrientationLandscapeRight";
				INFOPLIST_KEY_UISupportedInterfaceOrientations_iPhone = "UIInterfaceOrientationPortrait UIInterfaceOrientationLandscapeLeft UIInterfaceOrientationLandscapeRight";
				LD_RUNPATH_SEARCH_PATHS = (
					"$(inherited)",
					"@executable_path/Frameworks",
				);
				MARKETING_VERSION = 1.0;
				PRODUCT_BUNDLE_IDENTIFIER = com.ayushmishravlogs.IosEcommApp;
				PRODUCT_NAME = "$(TARGET_NAME)";
				SWIFT_EMIT_LOC_STRINGS = YES;
				SWIFT_VERSION = 5.0;
				TARGETED_DEVICE_FAMILY = "1,2";
			};
			name = Release;
		};
/* End XCBuildConfiguration section */

/* Begin XCConfigurationList section */
		18DB011E2BD3A4D700BFDC0B /* Build configuration list for PBXProject "IosEcommApp" */ = {
			isa = XCConfigurationList;
			buildConfigurations = (
				18DB012F2BD3A4DA00BFDC0B /* Debug */,
				18DB01302BD3A4DA00BFDC0B /* Release */,
			);
			defaultConfigurationIsVisible = 0;
			defaultConfigurationName = Release;
		};
		18DB01312BD3A4DA00BFDC0B /* Build configuration list for PBXNativeTarget "IosEcommApp" */ = {
			isa = XCConfigurationList;
			buildConfigurations = (
				18DB01322BD3A4DA00BFDC0B /* Debug */,
				18DB01332BD3A4DA00BFDC0B /* Release */,
			);
			defaultConfigurationIsVisible = 0;
			defaultConfigurationName = Release;
		};
/* End XCConfigurationList section */
	};
	rootObject = 18DB011B2BD3A4D700BFDC0B /* Project object */;
}
